PODS:
  - RxSwift (6.5.0)
  - SnapKit (5.6.0)
  - Then (3.0.0)

DEPENDENCIES:
  - RxSwift
  - SnapKit
  - Then

SPEC REPOS:
  trunk:
    - RxSwift
    - SnapKit
    - Then

SPEC CHECKSUMS:
  RxSwift: 5710a9e6b17f3c3d6e40d6e559b9fa1e813b2ef8
  SnapKit: e01d52ebb8ddbc333eefe2132acf85c8227d9c25
  Then: 844265ae87834bbe1147d91d5d41a404da2ec27d

PODFILE CHECKSUM: 41118bfe92b9cf218ae1bb29e4f9dbd3314564b8

COCOAPODS: 1.12.0
